
Microsoft Visual Studio Solution File, Format Version 12.00
# Visual Studio Version 17
VisualStudioVersion = 17.8.34401.112
MinimumVisualStudioVersion = 10.0.40219.1
Project("{FAE04EC0-301F-11D3-BF4B-00C04F79EFBC}") = "SqlDiagnostics.Core", "..\SqlDiagnostics.Core\SqlDiagnostics.Core.csproj", "{36D73D96-9F47-48A2-B811-EC6E218694AD}"
EndProject
Project("{60DC8134-EBA5-43B8-BCC9-BB4BC16C2548}") = "SqlDiagnostics.UI.Wpf", "SqlDiagnostics.UI.Wpf.csproj", "{ED5AA0A7-AACF-44ED-B85C-62364C621DA4}"
EndProject
Global
	GlobalSection(SolutionConfigurationPlatforms) = preSolution
		Debug|Any CPU = Debug|Any CPU
		Release|Any CPU = Release|Any CPU
	EndGlobalSection
	GlobalSection(ProjectConfigurationPlatforms) = postSolution
		{36D73D96-9F47-48A2-B811-EC6E218694AD}.Debug|Any CPU.ActiveCfg = Debug|Any CPU
		{36D73D96-9F47-48A2-B811-EC6E218694AD}.Debug|Any CPU.Build.0 = Debug|Any CPU
		{36D73D96-9F47-48A2-B811-EC6E218694AD}.Release|Any CPU.ActiveCfg = Release|Any CPU
		{36D73D96-9F47-48A2-B811-EC6E218694AD}.Release|Any CPU.Build.0 = Release|Any CPU
		{ED5AA0A7-AACF-44ED-B85C-62364C621DA4}.Debug|Any CPU.ActiveCfg = Debug|Any CPU
		{ED5AA0A7-AACF-44ED-B85C-62364C621DA4}.Debug|Any CPU.Build.0 = Debug|Any CPU
		{ED5AA0A7-AACF-44ED-B85C-62364C621DA4}.Release|Any CPU.ActiveCfg = Release|Any CPU
		{ED5AA0A7-AACF-44ED-B85C-62364C621DA4}.Release|Any CPU.Build.0 = Release|Any CPU
	EndGlobalSection
EndGlobal
